
Microsoft Visual Studio Solution File, Format Version 12.00
# Visual Studio Version 16
VisualStudioVersion = 16.0.30002.166
MinimumVisualStudioVersion = 10.0.40219.1
Project("{FAE04EC0-301F-11D3-BF4B-00C04F79EFBC}") = "610.SMT_SCADA_COCKPIT_FORM1", "610.SMT_SCADA_COCKPIT_FORM1\610.SMT_SCADA_COCKPIT_FORM1.csproj", "{D57E420E-FAF5-4778-9F6B-F5B9E0868A3D}"
EndProject
Project("{FAE04EC0-301F-11D3-BF4B-00C04F79EFBC}") = "617.SMT_SCADA_COCKPIT_FORM2", "617.SMT_SCADA_COCKPIT_FORM2\617.SMT_SCADA_COCKPIT_FORM2.csproj", "{434229FA-8454-4160-B94C-761627C1E2DB}"
EndProject
Project("{FAE04EC0-301F-11D3-BF4B-00C04F79EFBC}") = "ComVar", "ComVar\ComVar.csproj", "{1FDD4C55-6914-47C9-89F0-682D023AC3A9}"
EndProject
Project("{FAE04EC0-301F-11D3-BF4B-00C04F79EFBC}") = "MAIN", "MAIN\MAIN.csproj", "{2E3943C9-7F91-4B71-8120-9F030749C327}"
EndProject
Global
	GlobalSection(SolutionConfigurationPlatforms) = preSolution
		Debug|Any CPU = Debug|Any CPU
		Debug|x86 = Debug|x86
		Release|Any CPU = Release|Any CPU
		Release|x86 = Release|x86
	EndGlobalSection
	GlobalSection(ProjectConfigurationPlatforms) = postSolution
		{D57E420E-FAF5-4778-9F6B-F5B9E0868A3D}.Debug|Any CPU.ActiveCfg = Debug|Any CPU
		{D57E420E-FAF5-4778-9F6B-F5B9E0868A3D}.Debug|Any CPU.Build.0 = Debug|Any CPU
		{D57E420E-FAF5-4778-9F6B-F5B9E0868A3D}.Debug|x86.ActiveCfg = Debug|Any CPU
		{D57E420E-FAF5-4778-9F6B-F5B9E0868A3D}.Debug|x86.Build.0 = Debug|Any CPU
		{D57E420E-FAF5-4778-9F6B-F5B9E0868A3D}.Release|Any CPU.ActiveCfg = Release|Any CPU
		{D57E420E-FAF5-4778-9F6B-F5B9E0868A3D}.Release|Any CPU.Build.0 = Release|Any CPU
		{D57E420E-FAF5-4778-9F6B-F5B9E0868A3D}.Release|x86.ActiveCfg = Release|Any CPU
		{D57E420E-FAF5-4778-9F6B-F5B9E0868A3D}.Release|x86.Build.0 = Release|Any CPU
		{434229FA-8454-4160-B94C-761627C1E2DB}.Debug|Any CPU.ActiveCfg = Debug|Any CPU
		{434229FA-8454-4160-B94C-761627C1E2DB}.Debug|Any CPU.Build.0 = Debug|Any CPU
		{434229FA-8454-4160-B94C-761627C1E2DB}.Debug|x86.ActiveCfg = Debug|Any CPU
		{434229FA-8454-4160-B94C-761627C1E2DB}.Debug|x86.Build.0 = Debug|Any CPU
		{434229FA-8454-4160-B94C-761627C1E2DB}.Release|Any CPU.ActiveCfg = Release|Any CPU
		{434229FA-8454-4160-B94C-761627C1E2DB}.Release|Any CPU.Build.0 = Release|Any CPU
		{434229FA-8454-4160-B94C-761627C1E2DB}.Release|x86.ActiveCfg = Release|Any CPU
		{434229FA-8454-4160-B94C-761627C1E2DB}.Release|x86.Build.0 = Release|Any CPU
		{1FDD4C55-6914-47C9-89F0-682D023AC3A9}.Debug|Any CPU.ActiveCfg = Debug|Any CPU
		{1FDD4C55-6914-47C9-89F0-682D023AC3A9}.Debug|Any CPU.Build.0 = Debug|Any CPU
		{1FDD4C55-6914-47C9-89F0-682D023AC3A9}.Debug|x86.ActiveCfg = Debug|Any CPU
		{1FDD4C55-6914-47C9-89F0-682D023AC3A9}.Debug|x86.Build.0 = Debug|Any CPU
		{1FDD4C55-6914-47C9-89F0-682D023AC3A9}.Release|Any CPU.ActiveCfg = Release|Any CPU
		{1FDD4C55-6914-47C9-89F0-682D023AC3A9}.Release|Any CPU.Build.0 = Release|Any CPU
		{1FDD4C55-6914-47C9-89F0-682D023AC3A9}.Release|x86.ActiveCfg = Release|Any CPU
		{1FDD4C55-6914-47C9-89F0-682D023AC3A9}.Release|x86.Build.0 = Release|Any CPU
		{2E3943C9-7F91-4B71-8120-9F030749C327}.Debug|Any CPU.ActiveCfg = Debug|Any CPU
		{2E3943C9-7F91-4B71-8120-9F030749C327}.Debug|Any CPU.Build.0 = Debug|Any CPU
		{2E3943C9-7F91-4B71-8120-9F030749C327}.Debug|x86.ActiveCfg = Debug|x86
		{2E3943C9-7F91-4B71-8120-9F030749C327}.Debug|x86.Build.0 = Debug|x86
		{2E3943C9-7F91-4B71-8120-9F030749C327}.Release|Any CPU.ActiveCfg = Release|Any CPU
		{2E3943C9-7F91-4B71-8120-9F030749C327}.Release|Any CPU.Build.0 = Release|Any CPU
		{2E3943C9-7F91-4B71-8120-9F030749C327}.Release|x86.ActiveCfg = Release|x86
		{2E3943C9-7F91-4B71-8120-9F030749C327}.Release|x86.Build.0 = Release|x86
	EndGlobalSection
	GlobalSection(SolutionProperties) = preSolution
		HideSolutionNode = FALSE
	EndGlobalSection
	GlobalSection(ExtensibilityGlobals) = postSolution
		SolutionGuid = {DC02F7E6-DFEE-49CB-92E8-D3436FEBFB1E}
	EndGlobalSection
EndGlobal
