
Microsoft Visual Studio Solution File, Format Version 12.00
# Visual Studio Version 16
VisualStudioVersion = 16.0.30002.166
MinimumVisualStudioVersion = 10.0.40219.1
Project("{FAE04EC0-301F-11D3-BF4B-00C04F79EFBC}") = "SCADA_Cockpit", "SCADA_Cockpit\SCADA_Cockpit.csproj", "{A0B3FC1C-81CA-434A-8A0B-DE0F799C3C33}"
EndProject
Global
	GlobalSection(SolutionConfigurationPlatforms) = preSolution
		Debug|Any CPU = Debug|Any CPU
		Release|Any CPU = Release|Any CPU
	EndGlobalSection
	GlobalSection(ProjectConfigurationPlatforms) = postSolution
		{A0B3FC1C-81CA-434A-8A0B-DE0F799C3C33}.Debug|Any CPU.ActiveCfg = Debug|Any CPU
		{A0B3FC1C-81CA-434A-8A0B-DE0F799C3C33}.Debug|Any CPU.Build.0 = Debug|Any CPU
		{A0B3FC1C-81CA-434A-8A0B-DE0F799C3C33}.Release|Any CPU.ActiveCfg = Release|Any CPU
		{A0B3FC1C-81CA-434A-8A0B-DE0F799C3C33}.Release|Any CPU.Build.0 = Release|Any CPU
	EndGlobalSection
	GlobalSection(SolutionProperties) = preSolution
		HideSolutionNode = FALSE
	EndGlobalSection
	GlobalSection(ExtensibilityGlobals) = postSolution
		SolutionGuid = {DC02F7E6-DFEE-49CB-92E8-D3436FEBFB1E}
	EndGlobalSection
EndGlobal
